
Microsoft Visual Studio Solution File, Format Version 12.00
# Visual Studio Version 17
VisualStudioVersion = 17.2.32526.322
MinimumVisualStudioVersion = 10.0.40219.1
Project("{9A19103F-16F7-4668-BE54-9A1E7A4F7556}") = "AoC2022", "AoC2022\AoC2022.csproj", "{6AD4BBCE-1650-470A-BDCE-D0AE269C0180}"
EndProject
Project("{9A19103F-16F7-4668-BE54-9A1E7A4F7556}") = "AoC2022Tests", "AoC2022Tests\AoC2022Tests.csproj", "{C2ED49C7-062B-4117-9354-91923C74BB5C}"
EndProject
Project("{FAE04EC0-301F-11D3-BF4B-00C04F79EFBC}") = "TaskRunner", "TaskRunner\TaskRunner.csproj", "{6614B048-143F-4E9A-9C4F-BE41ED565BFA}"
EndProject
Global
	GlobalSection(SolutionConfigurationPlatforms) = preSolution
		Debug|Any CPU = Debug|Any CPU
		Release|Any CPU = Release|Any CPU
	EndGlobalSection
	GlobalSection(ProjectConfigurationPlatforms) = postSolution
		{6AD4BBCE-1650-470A-BDCE-D0AE269C0180}.Debug|Any CPU.ActiveCfg = Debug|Any CPU
		{6AD4BBCE-1650-470A-BDCE-D0AE269C0180}.Debug|Any CPU.Build.0 = Debug|Any CPU
		{6AD4BBCE-1650-470A-BDCE-D0AE269C0180}.Release|Any CPU.ActiveCfg = Release|Any CPU
		{6AD4BBCE-1650-470A-BDCE-D0AE269C0180}.Release|Any CPU.Build.0 = Release|Any CPU
		{C2ED49C7-062B-4117-9354-91923C74BB5C}.Debug|Any CPU.ActiveCfg = Debug|Any CPU
		{C2ED49C7-062B-4117-9354-91923C74BB5C}.Debug|Any CPU.Build.0 = Debug|Any CPU
		{C2ED49C7-062B-4117-9354-91923C74BB5C}.Release|Any CPU.ActiveCfg = Release|Any CPU
		{C2ED49C7-062B-4117-9354-91923C74BB5C}.Release|Any CPU.Build.0 = Release|Any CPU
		{6614B048-143F-4E9A-9C4F-BE41ED565BFA}.Debug|Any CPU.ActiveCfg = Debug|Any CPU
		{6614B048-143F-4E9A-9C4F-BE41ED565BFA}.Debug|Any CPU.Build.0 = Debug|Any CPU
		{6614B048-143F-4E9A-9C4F-BE41ED565BFA}.Release|Any CPU.ActiveCfg = Release|Any CPU
		{6614B048-143F-4E9A-9C4F-BE41ED565BFA}.Release|Any CPU.Build.0 = Release|Any CPU
	EndGlobalSection
	GlobalSection(SolutionProperties) = preSolution
		HideSolutionNode = FALSE
	EndGlobalSection
	GlobalSection(ExtensibilityGlobals) = postSolution
		SolutionGuid = {C90DB8AF-F424-40BB-9643-3BC9327A5596}
	EndGlobalSection
EndGlobal
